
Microsoft Visual Studio Solution File, Format Version 12.00
# Visual Studio Version 17
VisualStudioVersion = 17.0.31903.59
MinimumVisualStudioVersion = 10.0.40219.1
Project("{2150E333-8FDC-42A3-9474-1A3956D46DE8}") = "services", "services", "{7E72562A-884C-45C4-979E-58368CF6C700}"
EndProject
Project("{9A19103F-16F7-4668-BE54-9A1E7A4F7556}") = "Rediscuss.ApiGateway", "services\Rediscuss.ApiGateway\Rediscuss.ApiGateway.csproj", "{F0143C9B-DE6F-4124-928D-5FB6BF7E7D5B}"
EndProject
Project("{9A19103F-16F7-4668-BE54-9A1E7A4F7556}") = "Rediscuss.IdentityService", "services\Rediscuss.IdentityService\Rediscuss.IdentityService.csproj", "{A8DD1D89-301E-47DD-884E-065792581D3B}"
EndProject
Project("{9A19103F-16F7-4668-BE54-9A1E7A4F7556}") = "Rediscuss.ForumService", "services\Rediscuss.ForumService\Rediscuss.ForumService.csproj", "{BC5C2F4E-7EEB-4058-83D6-297F252A898B}"
EndProject
Project("{FAE04EC0-301F-11D3-BF4B-00C04F79EFBC}") = "Rediscuss.Shared.Contracts", "Rediscuss.Shared.Contracts\Rediscuss.Shared.Contracts.csproj", "{E3F276FB-8764-456E-8CB5-600C5A92EF11}"
EndProject
Global
	GlobalSection(SolutionConfigurationPlatforms) = preSolution
		Debug|Any CPU = Debug|Any CPU
		Release|Any CPU = Release|Any CPU
	EndGlobalSection
	GlobalSection(ProjectConfigurationPlatforms) = postSolution
		{F0143C9B-DE6F-4124-928D-5FB6BF7E7D5B}.Debug|Any CPU.ActiveCfg = Debug|Any CPU
		{F0143C9B-DE6F-4124-928D-5FB6BF7E7D5B}.Debug|Any CPU.Build.0 = Debug|Any CPU
		{F0143C9B-DE6F-4124-928D-5FB6BF7E7D5B}.Release|Any CPU.ActiveCfg = Release|Any CPU
		{F0143C9B-DE6F-4124-928D-5FB6BF7E7D5B}.Release|Any CPU.Build.0 = Release|Any CPU
		{A8DD1D89-301E-47DD-884E-065792581D3B}.Debug|Any CPU.ActiveCfg = Debug|Any CPU
		{A8DD1D89-301E-47DD-884E-065792581D3B}.Debug|Any CPU.Build.0 = Debug|Any CPU
		{A8DD1D89-301E-47DD-884E-065792581D3B}.Release|Any CPU.ActiveCfg = Release|Any CPU
		{A8DD1D89-301E-47DD-884E-065792581D3B}.Release|Any CPU.Build.0 = Release|Any CPU
		{BC5C2F4E-7EEB-4058-83D6-297F252A898B}.Debug|Any CPU.ActiveCfg = Debug|Any CPU
		{BC5C2F4E-7EEB-4058-83D6-297F252A898B}.Debug|Any CPU.Build.0 = Debug|Any CPU
		{BC5C2F4E-7EEB-4058-83D6-297F252A898B}.Release|Any CPU.ActiveCfg = Release|Any CPU
		{BC5C2F4E-7EEB-4058-83D6-297F252A898B}.Release|Any CPU.Build.0 = Release|Any CPU
		{E3F276FB-8764-456E-8CB5-600C5A92EF11}.Debug|Any CPU.ActiveCfg = Debug|Any CPU
		{E3F276FB-8764-456E-8CB5-600C5A92EF11}.Debug|Any CPU.Build.0 = Debug|Any CPU
		{E3F276FB-8764-456E-8CB5-600C5A92EF11}.Release|Any CPU.ActiveCfg = Release|Any CPU
		{E3F276FB-8764-456E-8CB5-600C5A92EF11}.Release|Any CPU.Build.0 = Release|Any CPU
	EndGlobalSection
	GlobalSection(SolutionProperties) = preSolution
		HideSolutionNode = FALSE
	EndGlobalSection
	GlobalSection(NestedProjects) = preSolution
		{F0143C9B-DE6F-4124-928D-5FB6BF7E7D5B} = {7E72562A-884C-45C4-979E-58368CF6C700}
		{A8DD1D89-301E-47DD-884E-065792581D3B} = {7E72562A-884C-45C4-979E-58368CF6C700}
		{BC5C2F4E-7EEB-4058-83D6-297F252A898B} = {7E72562A-884C-45C4-979E-58368CF6C700}
		{E3F276FB-8764-456E-8CB5-600C5A92EF11} = {7E72562A-884C-45C4-979E-58368CF6C700}
	EndGlobalSection
	GlobalSection(ExtensibilityGlobals) = postSolution
		SolutionGuid = {6FE8BCA5-C98E-4566-A104-2CA90165F8B0}
	EndGlobalSection
EndGlobal
